# This file is automatically @generated by Poetry 1.4.2 and should not be changed by hand.

[[package]]
name = "executing"
version = "1.2.0"
description = "Get the currently executing AST node of a frame, and other information"
category = "main"
optional = false
python-versions = "*"
files = [
    {file = "executing-1.2.0-py2.py3-none-any.whl", hash = "sha256:0314a69e37426e3608aada02473b4161d4caf5a4b244d1d0c48072b8fee7bacc"},
    {file = "executing-1.2.0.tar.gz", hash = "sha256:19da64c18d2d851112f09c287f8d3dbbdf725ab0e569077efb6cdcbd3497c107"},
]

[package.extras]
tests = ["asttokens", "littleutils", "pytest", "rich"]

[[package]]
name = "varname"
version = "0.11.0"
description = "Dark magics about variable names in python."
category = "main"
optional = false
python-versions = ">=3.8,<4.0"
files = [
    {file = "varname-0.11.0-py3-none-any.whl", hash = "sha256:6b35f689c0b1b36c0a9460b4f37ee51143cd35af250e9abb9b0d222c01544eb0"},
    {file = "varname-0.11.0.tar.gz", hash = "sha256:671a85ba6888099aad928dac2341a3566f27b235029e775dcd6c662e744e1ce5"},
]

[package.dependencies]
executing = ">=1.2,<2.0"

[package.extras]
all = ["asttokens (>=2.0.0,<3.0.0)", "pure_eval (<1.0.0)"]

[metadata]
lock-version = "2.0"
python-versions = "^3.10"
content-hash = "10298668cb6fddc6629e0826481b3383419ce1d1067feaf2e0b47b9c9ad368e5"
